
Microsoft Visual Studio Solution File, Format Version 12.00
# Visual Studio Version 16
VisualStudioVersion = 16.0.31321.278
MinimumVisualStudioVersion = 10.0.40219.1
Project("{E24C65DC-7377-472B-9ABA-BC803B73C61A}") = "cssTutorial", ".", "{A340A422-FAF2-439E-8131-89336AAD82BE}"
	ProjectSection(WebsiteProperties) = preProject
		TargetFrameworkMoniker = ".NETFramework,Version%3Dv4.7.2"
		Debug.AspNetCompiler.VirtualPath = "/localhost_62813"
		Debug.AspNetCompiler.PhysicalPath = "..\cssTutorial\"
		Debug.AspNetCompiler.TargetPath = "PrecompiledWeb\localhost_62813\"
		Debug.AspNetCompiler.Updateable = "true"
		Debug.AspNetCompiler.ForceOverwrite = "true"
		Debug.AspNetCompiler.FixedNames = "false"
		Debug.AspNetCompiler.Debug = "True"
		Release.AspNetCompiler.VirtualPath = "/localhost_62813"
		Release.AspNetCompiler.PhysicalPath = "..\cssTutorial\"
		Release.AspNetCompiler.TargetPath = "PrecompiledWeb\localhost_62813\"
		Release.AspNetCompiler.Updateable = "true"
		Release.AspNetCompiler.ForceOverwrite = "true"
		Release.AspNetCompiler.FixedNames = "false"
		Release.AspNetCompiler.Debug = "False"
		VWDPort = "62813"
		SlnRelativePath = "..\cssTutorial\"
		DefaultWebSiteLanguage = "Visual C#"
	EndProjectSection
EndProject
Global
	GlobalSection(SolutionConfigurationPlatforms) = preSolution
		Debug|Any CPU = Debug|Any CPU
	EndGlobalSection
	GlobalSection(ProjectConfigurationPlatforms) = postSolution
		{A340A422-FAF2-439E-8131-89336AAD82BE}.Debug|Any CPU.ActiveCfg = Debug|Any CPU
		{A340A422-FAF2-439E-8131-89336AAD82BE}.Debug|Any CPU.Build.0 = Debug|Any CPU
	EndGlobalSection
	GlobalSection(SolutionProperties) = preSolution
		HideSolutionNode = FALSE
	EndGlobalSection
	GlobalSection(ExtensibilityGlobals) = postSolution
		SolutionGuid = {3CAFA4A9-85A8-4894-9F96-0C2F8DD7DE15}
	EndGlobalSection
EndGlobal
